
Microsoft Visual Studio Solution File, Format Version 12.00
# Visual Studio Version 17
VisualStudioVersion = 17.10.35201.131
MinimumVisualStudioVersion = 10.0.40219.1
Project("{FAE04EC0-301F-11D3-BF4B-00C04F79EFBC}") = "API_JWT_Token_Based_Security", "API_JWT_Token_Based_Security\API_JWT_Token_Based_Security.csproj", "{B695AD51-3B2B-4211-AFF3-96118434B0BD}"
EndProject
Global
	GlobalSection(SolutionConfigurationPlatforms) = preSolution
		Debug|Any CPU = Debug|Any CPU
		Release|Any CPU = Release|Any CPU
	EndGlobalSection
	GlobalSection(ProjectConfigurationPlatforms) = postSolution
		{B695AD51-3B2B-4211-AFF3-96118434B0BD}.Debug|Any CPU.ActiveCfg = Debug|Any CPU
		{B695AD51-3B2B-4211-AFF3-96118434B0BD}.Debug|Any CPU.Build.0 = Debug|Any CPU
		{B695AD51-3B2B-4211-AFF3-96118434B0BD}.Release|Any CPU.ActiveCfg = Release|Any CPU
		{B695AD51-3B2B-4211-AFF3-96118434B0BD}.Release|Any CPU.Build.0 = Release|Any CPU
	EndGlobalSection
	GlobalSection(SolutionProperties) = preSolution
		HideSolutionNode = FALSE
	EndGlobalSection
	GlobalSection(ExtensibilityGlobals) = postSolution
		SolutionGuid = {01BBD176-DCC4-487D-A80E-3032FD029616}
	EndGlobalSection
EndGlobal
